
Microsoft Visual Studio Solution File, Format Version 9.00
# Visual Studio 2005
Project("{8BC9CEB8-8B4A-11D0-8D11-00A0C91BC942}") = "System", "src\System\System.vcproj", "{2591CA51-E364-4FF9-AB94-698229E53804}"
	ProjectSection(ProjectDependencies) = postProject
		{D34C2E10-AB16-4E27-9DE7-5C5D71F46059} = {D34C2E10-AB16-4E27-9DE7-5C5D71F46059}
		{A2954935-EA1D-4483-B9EE-54C8324F0221} = {A2954935-EA1D-4483-B9EE-54C8324F0221}
		{8E277367-E39D-45A3-A4E2-95372E1243F4} = {8E277367-E39D-45A3-A4E2-95372E1243F4}
		{B9A5C794-B5B8-40D7-AAAC-01EF9EE4DC79} = {B9A5C794-B5B8-40D7-AAAC-01EF9EE4DC79}
	EndProjectSection
EndProject
Project("{8BC9CEB8-8B4A-11D0-8D11-00A0C91BC942}") = "libObjects", "src\libObjects\libObjects.vcproj", "{A2954935-EA1D-4483-B9EE-54C8324F0221}"
EndProject
Project("{8BC9CEB8-8B4A-11D0-8D11-00A0C91BC942}") = "libRenderer", "src\libRenderer\libRenderer.vcproj", "{D34C2E10-AB16-4E27-9DE7-5C5D71F46059}"
EndProject
Project("{8BC9CEB8-8B4A-11D0-8D11-00A0C91BC942}") = "libResources", "src\libResources\libResources.vcproj", "{8E277367-E39D-45A3-A4E2-95372E1243F4}"
EndProject
Project("{8BC9CEB8-8B4A-11D0-8D11-00A0C91BC942}") = "libCore", "src\libCore\libCore.vcproj", "{B9A5C794-B5B8-40D7-AAAC-01EF9EE4DC79}"
EndProject
Project("{8BC9CEB8-8B4A-11D0-8D11-00A0C91BC942}") = "Engine", "src\Engine\Engine.vcproj", "{7861809D-D7A5-4DFA-A961-B2AB05059F05}"
EndProject
Global
	GlobalSection(SolutionConfigurationPlatforms) = preSolution
		Debug|Win32 = Debug|Win32
		Release|Win32 = Release|Win32
	EndGlobalSection
	GlobalSection(ProjectConfigurationPlatforms) = postSolution
		{2591CA51-E364-4FF9-AB94-698229E53804}.Debug|Win32.ActiveCfg = Debug|Win32
		{2591CA51-E364-4FF9-AB94-698229E53804}.Debug|Win32.Build.0 = Debug|Win32
		{2591CA51-E364-4FF9-AB94-698229E53804}.Release|Win32.ActiveCfg = Release|Win32
		{2591CA51-E364-4FF9-AB94-698229E53804}.Release|Win32.Build.0 = Release|Win32
		{A2954935-EA1D-4483-B9EE-54C8324F0221}.Debug|Win32.ActiveCfg = Debug|Win32
		{A2954935-EA1D-4483-B9EE-54C8324F0221}.Debug|Win32.Build.0 = Debug|Win32
		{A2954935-EA1D-4483-B9EE-54C8324F0221}.Release|Win32.ActiveCfg = Release|Win32
		{A2954935-EA1D-4483-B9EE-54C8324F0221}.Release|Win32.Build.0 = Release|Win32
		{D34C2E10-AB16-4E27-9DE7-5C5D71F46059}.Debug|Win32.ActiveCfg = Debug|Win32
		{D34C2E10-AB16-4E27-9DE7-5C5D71F46059}.Debug|Win32.Build.0 = Debug|Win32
		{D34C2E10-AB16-4E27-9DE7-5C5D71F46059}.Release|Win32.ActiveCfg = Release|Win32
		{D34C2E10-AB16-4E27-9DE7-5C5D71F46059}.Release|Win32.Build.0 = Release|Win32
		{8E277367-E39D-45A3-A4E2-95372E1243F4}.Debug|Win32.ActiveCfg = Debug|Win32
		{8E277367-E39D-45A3-A4E2-95372E1243F4}.Debug|Win32.Build.0 = Debug|Win32
		{8E277367-E39D-45A3-A4E2-95372E1243F4}.Release|Win32.ActiveCfg = Release|Win32
		{8E277367-E39D-45A3-A4E2-95372E1243F4}.Release|Win32.Build.0 = Release|Win32
		{B9A5C794-B5B8-40D7-AAAC-01EF9EE4DC79}.Debug|Win32.ActiveCfg = Debug|Win32
		{B9A5C794-B5B8-40D7-AAAC-01EF9EE4DC79}.Debug|Win32.Build.0 = Debug|Win32
		{B9A5C794-B5B8-40D7-AAAC-01EF9EE4DC79}.Release|Win32.ActiveCfg = Release|Win32
		{B9A5C794-B5B8-40D7-AAAC-01EF9EE4DC79}.Release|Win32.Build.0 = Release|Win32
		{7861809D-D7A5-4DFA-A961-B2AB05059F05}.Debug|Win32.ActiveCfg = Debug|Win32
		{7861809D-D7A5-4DFA-A961-B2AB05059F05}.Debug|Win32.Build.0 = Debug|Win32
		{7861809D-D7A5-4DFA-A961-B2AB05059F05}.Release|Win32.ActiveCfg = Release|Win32
		{7861809D-D7A5-4DFA-A961-B2AB05059F05}.Release|Win32.Build.0 = Release|Win32
	EndGlobalSection
	GlobalSection(SolutionProperties) = preSolution
		HideSolutionNode = FALSE
	EndGlobalSection
EndGlobal
